# This file is automatically @generated by Cargo.
# It is not intended for manual editing.
version = 4

[[package]]
name = "adapter_quantum"
version = "0.1.0"
dependencies = [
 "runtime_core",
]

[[package]]
name = "adapter_rag"
version = "0.1.0"
dependencies = [
 "runtime_core",
]

[[package]]
name = "artifact_ledger"
version = "0.1.0"

[[package]]
name = "bridge_browser"
version = "0.1.0"
dependencies = [
 "runtime_core",
]

[[package]]
name = "bridge_gpui"
version = "0.1.0"
dependencies = [
 "runtime_core",
]

[[package]]
name = "plugin_registry"
version = "0.1.0"

[[package]]
name = "runtime_core"
version = "0.1.0"

[[package]]
name = "station_kernel"
version = "0.1.0"
dependencies = [
 "adapter_quantum",
 "artifact_ledger",
 "bridge_browser",
 "bridge_gpui",
 "plugin_registry",
 "runtime_core",
]
